
Microsoft Visual Studio Solution File, Format Version 12.00
# Visual Studio Version 16
VisualStudioVersion = 16.0.31025.194
MinimumVisualStudioVersion = 10.0.40219.1
Project("{9A19103F-16F7-4668-BE54-9A1E7A4F7556}") = "MISA.NVXUAN.BackendApi", "MISA.NVXUAN.BackendApi\MISA.NVXUAN.BackendApi.csproj", "{9579E215-B760-4F8D-93DE-273671707369}"
EndProject
Project("{2150E333-8FDC-42A3-9474-1A3956D46DE8}") = "Host", "Host", "{3FED3DC2-FFE9-4D78-BE3F-03477D91E4F8}"
EndProject
Project("{2150E333-8FDC-42A3-9474-1A3956D46DE8}") = "Src", "Src", "{DD4BA4E8-5A78-448C-95F1-1DCC2409D857}"
EndProject
Project("{2150E333-8FDC-42A3-9474-1A3956D46DE8}") = "Application", "Application", "{5793D4F1-C2FD-4A08-AA5E-A70453FA6FD1}"
EndProject
Project("{9A19103F-16F7-4668-BE54-9A1E7A4F7556}") = "MISA.NVXUAN.Application", "MISA.NVXUAN.Application\MISA.NVXUAN.Application.csproj", "{A8451A7C-C24D-42AA-913C-09E9B57E0D45}"
EndProject
Project("{9A19103F-16F7-4668-BE54-9A1E7A4F7556}") = "MISA.NVXUAN.Contracts", "MISA.NVXUAN.Contracts\MISA.NVXUAN.Contracts.csproj", "{9EF20064-3AFB-4526-964C-3B72C53D011C}"
EndProject
Project("{2150E333-8FDC-42A3-9474-1A3956D46DE8}") = "Domain", "Domain", "{B3656C46-33EC-4F78-9B56-2FA82CF7A363}"
EndProject
Project("{9A19103F-16F7-4668-BE54-9A1E7A4F7556}") = "MISA.NVXUAN.Domain", "MISA.NVXUAN.Domain\MISA.NVXUAN.Domain.csproj", "{26023832-CA49-4EED-8FAE-CC95EAFBB76D}"
EndProject
Project("{9A19103F-16F7-4668-BE54-9A1E7A4F7556}") = "MISA.NVXUAN.DomainShared", "MISA.NVXUAN.DomainShared\MISA.NVXUAN.DomainShared.csproj", "{C5BC90BD-18E5-42C4-B40A-283E816396F2}"
EndProject
Project("{2150E333-8FDC-42A3-9474-1A3956D46DE8}") = "Library", "Library", "{578C2076-4F5F-4EAF-8986-74E1977C2A52}"
EndProject
Project("{9A19103F-16F7-4668-BE54-9A1E7A4F7556}") = "MISA.NVXUAN.Library", "MISA.NVXUAN.Library\MISA.NVXUAN.Library.csproj", "{71A4C352-4437-4F18-BCFE-579AE4A8EC16}"
EndProject
Global
	GlobalSection(SolutionConfigurationPlatforms) = preSolution
		Debug|Any CPU = Debug|Any CPU
		Release|Any CPU = Release|Any CPU
	EndGlobalSection
	GlobalSection(ProjectConfigurationPlatforms) = postSolution
		{9579E215-B760-4F8D-93DE-273671707369}.Debug|Any CPU.ActiveCfg = Debug|Any CPU
		{9579E215-B760-4F8D-93DE-273671707369}.Debug|Any CPU.Build.0 = Debug|Any CPU
		{9579E215-B760-4F8D-93DE-273671707369}.Release|Any CPU.ActiveCfg = Release|Any CPU
		{9579E215-B760-4F8D-93DE-273671707369}.Release|Any CPU.Build.0 = Release|Any CPU
		{A8451A7C-C24D-42AA-913C-09E9B57E0D45}.Debug|Any CPU.ActiveCfg = Debug|Any CPU
		{A8451A7C-C24D-42AA-913C-09E9B57E0D45}.Debug|Any CPU.Build.0 = Debug|Any CPU
		{A8451A7C-C24D-42AA-913C-09E9B57E0D45}.Release|Any CPU.ActiveCfg = Release|Any CPU
		{A8451A7C-C24D-42AA-913C-09E9B57E0D45}.Release|Any CPU.Build.0 = Release|Any CPU
		{9EF20064-3AFB-4526-964C-3B72C53D011C}.Debug|Any CPU.ActiveCfg = Debug|Any CPU
		{9EF20064-3AFB-4526-964C-3B72C53D011C}.Debug|Any CPU.Build.0 = Debug|Any CPU
		{9EF20064-3AFB-4526-964C-3B72C53D011C}.Release|Any CPU.ActiveCfg = Release|Any CPU
		{9EF20064-3AFB-4526-964C-3B72C53D011C}.Release|Any CPU.Build.0 = Release|Any CPU
		{26023832-CA49-4EED-8FAE-CC95EAFBB76D}.Debug|Any CPU.ActiveCfg = Debug|Any CPU
		{26023832-CA49-4EED-8FAE-CC95EAFBB76D}.Debug|Any CPU.Build.0 = Debug|Any CPU
		{26023832-CA49-4EED-8FAE-CC95EAFBB76D}.Release|Any CPU.ActiveCfg = Release|Any CPU
		{26023832-CA49-4EED-8FAE-CC95EAFBB76D}.Release|Any CPU.Build.0 = Release|Any CPU
		{C5BC90BD-18E5-42C4-B40A-283E816396F2}.Debug|Any CPU.ActiveCfg = Debug|Any CPU
		{C5BC90BD-18E5-42C4-B40A-283E816396F2}.Debug|Any CPU.Build.0 = Debug|Any CPU
		{C5BC90BD-18E5-42C4-B40A-283E816396F2}.Release|Any CPU.ActiveCfg = Release|Any CPU
		{C5BC90BD-18E5-42C4-B40A-283E816396F2}.Release|Any CPU.Build.0 = Release|Any CPU
		{71A4C352-4437-4F18-BCFE-579AE4A8EC16}.Debug|Any CPU.ActiveCfg = Debug|Any CPU
		{71A4C352-4437-4F18-BCFE-579AE4A8EC16}.Debug|Any CPU.Build.0 = Debug|Any CPU
		{71A4C352-4437-4F18-BCFE-579AE4A8EC16}.Release|Any CPU.ActiveCfg = Release|Any CPU
		{71A4C352-4437-4F18-BCFE-579AE4A8EC16}.Release|Any CPU.Build.0 = Release|Any CPU
	EndGlobalSection
	GlobalSection(SolutionProperties) = preSolution
		HideSolutionNode = FALSE
	EndGlobalSection
	GlobalSection(NestedProjects) = preSolution
		{9579E215-B760-4F8D-93DE-273671707369} = {3FED3DC2-FFE9-4D78-BE3F-03477D91E4F8}
		{5793D4F1-C2FD-4A08-AA5E-A70453FA6FD1} = {DD4BA4E8-5A78-448C-95F1-1DCC2409D857}
		{A8451A7C-C24D-42AA-913C-09E9B57E0D45} = {5793D4F1-C2FD-4A08-AA5E-A70453FA6FD1}
		{9EF20064-3AFB-4526-964C-3B72C53D011C} = {5793D4F1-C2FD-4A08-AA5E-A70453FA6FD1}
		{B3656C46-33EC-4F78-9B56-2FA82CF7A363} = {DD4BA4E8-5A78-448C-95F1-1DCC2409D857}
		{26023832-CA49-4EED-8FAE-CC95EAFBB76D} = {B3656C46-33EC-4F78-9B56-2FA82CF7A363}
		{C5BC90BD-18E5-42C4-B40A-283E816396F2} = {B3656C46-33EC-4F78-9B56-2FA82CF7A363}
		{578C2076-4F5F-4EAF-8986-74E1977C2A52} = {DD4BA4E8-5A78-448C-95F1-1DCC2409D857}
		{71A4C352-4437-4F18-BCFE-579AE4A8EC16} = {578C2076-4F5F-4EAF-8986-74E1977C2A52}
	EndGlobalSection
	GlobalSection(ExtensibilityGlobals) = postSolution
		SolutionGuid = {12D49BCD-E990-47F4-8207-99FCACA26D25}
	EndGlobalSection
EndGlobal
